
Microsoft Visual Studio Solution File, Format Version 12.00
# Visual Studio Version 17
VisualStudioVersion = 17.14.36705.20 d17.14
MinimumVisualStudioVersion = 10.0.40219.1
Project("{FAE04EC0-301F-11D3-BF4B-00C04F79EFBC}") = "Expense Tracker API", "Expense Tracker API.csproj", "{69575176-1054-4D35-B162-3B6F5ED3311F}"
EndProject
Global
	GlobalSection(SolutionConfigurationPlatforms) = preSolution
		Debug|Any CPU = Debug|Any CPU
		Release|Any CPU = Release|Any CPU
	EndGlobalSection
	GlobalSection(ProjectConfigurationPlatforms) = postSolution
		{69575176-1054-4D35-B162-3B6F5ED3311F}.Debug|Any CPU.ActiveCfg = Debug|Any CPU
		{69575176-1054-4D35-B162-3B6F5ED3311F}.Debug|Any CPU.Build.0 = Debug|Any CPU
		{69575176-1054-4D35-B162-3B6F5ED3311F}.Release|Any CPU.ActiveCfg = Release|Any CPU
		{69575176-1054-4D35-B162-3B6F5ED3311F}.Release|Any CPU.Build.0 = Release|Any CPU
	EndGlobalSection
	GlobalSection(SolutionProperties) = preSolution
		HideSolutionNode = FALSE
	EndGlobalSection
	GlobalSection(ExtensibilityGlobals) = postSolution
		SolutionGuid = {30606CD7-5293-4FFA-897A-86E897C55B8A}
	EndGlobalSection
EndGlobal
